{
  "name": "jscanner",
  "version": "1.0.0",
  "lockfileVersion": 1,
  "requires": true,
  "dependencies": {
    "@babel/runtime-corejs2": {
      "version": "7.3.4",
      "resolved": "https://registry.npmjs.org/@babel/runtime-corejs2/-/runtime-corejs2-7.3.4.tgz",
      "integrity": "sha512-QwPuQE65kNxjsNKk34Rfgen2R5fk0J2So99SD45uXBp34QOfyz11SqVgJ4xvyCpnCIieSQ0X0hSSc9z/ymlJJw==",
      "requires": {
        "core-js": "^2.5.7",
        "regenerator-runtime": "^0.12.0"
      }
    },
    "core-js": {
      "version": "2.6.5",
      "resolved": "https://registry.npmjs.org/core-js/-/core-js-2.6.5.tgz",
      "integrity": "sha512-klh/kDpwX8hryYL14M9w/xei6vrv6sE8gTHDG7/T/+SEovB/G4ejwcfE/CBzO6Edsu+OETZMZ3wcX/EjUkrl5A=="
    },
    "eventemitter3": {
      "version": "3.1.0",
      "resolved": "https://registry.npmjs.org/eventemitter3/-/eventemitter3-3.1.0.tgz",
      "integrity": "sha512-ivIvhpq/Y0uSjcHDcOIccjmYjGLcP09MFGE7ysAwkAvkXfpZlC985pH2/ui64DKazbTW/4kN3yqozUxlXzI6cA=="
    },
    "howler": {
      "version": "2.1.1",
      "resolved": "https://registry.npmjs.org/howler/-/howler-2.1.1.tgz",
      "integrity": "sha512-9nwyDCGxhAGMmNXDfMLv0M/uS/WUg2//jG6t96D8DqbbsVZgXQzsP/ZMItbWO/Fqg7Gg69kOv3xVSDzJdd7aqA=="
    },
    "objectFitPolyfill": {
      "version": "2.1.1",
      "resolved": "https://registry.npmjs.org/objectFitPolyfill/-/objectFitPolyfill-2.1.1.tgz",
      "integrity": "sha512-+GQQw+yzk4L7Xl6d4auU6Cbz3HEuN5SKoPEoqjTw+X9uuev1KkiNq9k8hCXQbycZ6ZmM79RXOcSs37XXbVN2Rw=="
    },
    "regenerator-runtime": {
      "version": "0.12.1",
      "resolved": "https://registry.npmjs.org/regenerator-runtime/-/regenerator-runtime-0.12.1.tgz",
      "integrity": "sha512-odxIc1/vDlo4iZcfXqRYFj0vpXFNoGdKMAUieAlFYO6m/nl5e9KR/beGf41z4a1FI+aQgtjhuaSlDxQ0hmkrHg=="
    },
    "rtcpeerconnection-shim": {
      "version": "1.2.15",
      "resolved": "https://registry.npmjs.org/rtcpeerconnection-shim/-/rtcpeerconnection-shim-1.2.15.tgz",
      "integrity": "sha512-C6DxhXt7bssQ1nHb154lqeL0SXz5Dx4RczXZu2Aa/L1NJFnEVDxFwCBo3fqtuljhHIGceg5JKBV4XJ0gW5JKyw==",
      "requires": {
        "sdp": "^2.6.0"
      }
    },
    "scandit-sdk": {
      "version": "4.1.1",
      "resolved": "https://registry.npmjs.org/scandit-sdk/-/scandit-sdk-4.1.1.tgz",
      "integrity": "sha512-inRJOY+KEdstQefThduZkj5FJDfVJI6exdmp7slE28uVpsPH0TBfiBHLsk+kHwTD6IGx/b9NM9dg9szL69CkKw==",
      "requires": {
        "@babel/runtime-corejs2": "^7.3.1",
        "eventemitter3": "3.1.0",
        "howler": "^2.1.1",
        "objectFitPolyfill": "^2.1.1",
        "tslib": "^1.9.3",
        "ua-parser-js": "^0.7.19",
        "webrtc-adapter": "^7.2.0"
      }
    },
    "sdp": {
      "version": "2.9.0",
      "resolved": "https://registry.npmjs.org/sdp/-/sdp-2.9.0.tgz",
      "integrity": "sha512-XAVZQO4qsfzVTHorF49zCpkdxiGmPNjA8ps8RcJGtGP3QJ/A8I9/SVg/QnkAFDMXIyGbHZBBFwYBw6WdnhT96w=="
    },
    "tslib": {
      "version": "1.9.3",
      "resolved": "https://registry.npmjs.org/tslib/-/tslib-1.9.3.tgz",
      "integrity": "sha512-4krF8scpejhaOgqzBEcGM7yDIEfi0/8+8zDRZhNZZ2kjmHJ4hv3zCbQWxoJGz1iw5U0Jl0nma13xzHXcncMavQ=="
    },
    "ua-parser-js": {
      "version": "0.7.19",
      "resolved": "https://registry.npmjs.org/ua-parser-js/-/ua-parser-js-0.7.19.tgz",
      "integrity": "sha512-T3PVJ6uz8i0HzPxOF9SWzWAlfN/DavlpQqepn22xgve/5QecC+XMCAtmUNnY7C9StehaV6exjUCI801lOI7QlQ=="
    },
    "webrtc-adapter": {
      "version": "7.2.1",
      "resolved": "https://registry.npmjs.org/webrtc-adapter/-/webrtc-adapter-7.2.1.tgz",
      "integrity": "sha512-Mrhy+tL1OHHBf/40rVFoEEvJ0VSxqmGVR65e5PSpFLky1A0bjO1oWbEWp09Udh7KPaoZ/GK+z38tuYmdrhQBxQ==",
      "requires": {
        "rtcpeerconnection-shim": "^1.2.15",
        "sdp": "^2.9.0"
      }
    }
  }
}
